{
  "name": "mm_check",
  "version": "1.2.7",
  "lockfileVersion": 1,
  "requires": true,
  "dependencies": {
    "fast-xml-parser": {
      "version": "3.15.1",
      "resolved": "https://registry.npmjs.org/fast-xml-parser/-/fast-xml-parser-3.15.1.tgz",
      "integrity": "sha512-MStlD6aNPZCd9msF5wBh2VJ0jAE2zz85ipk+OIPO+pZi64ckY//oGi5kskcTVRj2bMSmBI5F2SY1IGWHWZzbCA=="
    },
    "mm_expand": {
      "version": "1.3.5",
      "resolved": "https://registry.npmjs.org/mm_expand/-/mm_expand-1.3.5.tgz",
      "integrity": "sha512-UV1o1e0qE46Szw64YQz30W0QPCivo0RSbqJ2P3XAjKnAFQnoRJHlDIAbsVXGinhJ9ZCYGvjTHBSLZU4VvfrxKw==",
      "requires": {
        "fast-xml-parser": "^3.15.1",
        "pinyinlite": "^1.2.1"
      }
    },
    "pinyinlite": {
      "version": "1.2.1",
      "resolved": "https://registry.npmjs.org/pinyinlite/-/pinyinlite-1.2.1.tgz",
      "integrity": "sha512-e3IQDbgoirNXRowOkVE5GOOWEMjugD5FX+GpQkktHpUgN4TppI3WV95CCbpsx/CtE0yLP0fHx0f/5KM4sOLrow=="
    }
  }
}
